<!--
  PP24: what Visual Studio opens.

  The tree is CMakeLists.txt plus a vcpkg.json, which Visual Studio can open as a CMake folder -
  and a folder is not a solution: no project references, no NuGet, and no F5 with a managed
  debugger attached to the code being written. This is the solution the managed half of the port is
  written inside rather than beside.

  Why .slnx and not .sln. The XML form is what the .NET 10 SDK's `dotnet new sln` now produces, and
  the classic format's blocks of GUIDs are a merge conflict waiting for the first branch that adds
  a project - which this port will do repeatedly as Block F splits the core into components. The
  cost is tooling older than Visual Studio 2022 17.10, and this project targets net10.0-windows, so
  nothing that can build it is that old.

  The native half is deliberately absent. lib/ and the Qt client are CMake and stay CMake -
  compile.cmd remains the only build for them, and it is what produces the chiaki-shim.dll this
  solution's project loads. Whatever of Block F ends up staying native is consumed as a binary or
  as a vcxproj this file references, which is a thing a solution does well; inventing that entry
  before there is anything behind it would be a reference to nothing.
-->
<Solution>
  <Folder Name="/app/">
    <Project Path="app/ChiakiNg.csproj" />
  </Folder>
  <!-- PP35. The test project holds no expected values: it drives the same vector readers the
       host's own selftest does, so the C suite stays the single oracle and this adds only
       granularity, one xUnit case per recorded case rather than one assertion over all of them.
       (The switch that runs that selftest is spelled with two leading dashes, which an XML
       comment cannot contain - this file refuses to parse with it written out.) -->
  <Folder Name="/tests/">
    <Project Path="tests/ChiakiNg.Tests/ChiakiNg.Tests.csproj" />
  </Folder>
</Solution>
